// !$*UTF8*$!
{
	archiveVersion = 1;
	classes = {
	};
	objectVersion = 55;
	objects = {

/* Begin PBXBuildFile section */
		AB01CC2227A3F89300C4E448 /* SettingsView.swift in Sources */ = {isa = PBXBuildFile; fileRef = AB01CC2127A3F89300C4E448 /* SettingsView.swift */; };
		AB01CC2427A3FA9200C4E448 /* OverviewView.swift in Sources */ = {isa = PBXBuildFile; fileRef = AB01CC2327A3FA9200C4E448 /* OverviewView.swift */; };
		AB01CC2627A3FAC300C4E448 /* SavingsListView.swift in Sources */ = {isa = PBXBuildFile; fileRef = AB01CC2527A3FAC300C4E448 /* SavingsListView.swift */; };
		AB01CC2827A3FB0D00C4E448 /* SavingsView.swift in Sources */ = {isa = PBXBuildFile; fileRef = AB01CC2727A3FB0D00C4E448 /* SavingsView.swift */; };
		AB1530DD27A33149006FD2FF /* CardView.swift in Sources */ = {isa = PBXBuildFile; fileRef = AB1530DC27A33149006FD2FF /* CardView.swift */; };
		AB1530DF27A33425006FD2FF /* ErrorWrapper.swift in Sources */ = {isa = PBXBuildFile; fileRef = AB1530DE27A33425006FD2FF /* ErrorWrapper.swift */; };
		AB1530E127A334DB006FD2FF /* LocalUsageView.swift in Sources */ = {isa = PBXBuildFile; fileRef = AB1530E027A334DB006FD2FF /* LocalUsageView.swift */; };
		AB1530E427A33A54006FD2FF /* MainView.swift in Sources */ = {isa = PBXBuildFile; fileRef = AB1530E327A33A54006FD2FF /* MainView.swift */; };
		AB1530E627A3DE42006FD2FF /* ServerApi.swift in Sources */ = {isa = PBXBuildFile; fileRef = AB1530E527A3DE42006FD2FF /* ServerApi.swift */; };
		AB1530E827A3E5F1006FD2FF /* Data.swift in Sources */ = {isa = PBXBuildFile; fileRef = AB1530E727A3E5F1006FD2FF /* Data.swift */; };
		AB43A30A27A1E4BF0046740D /* ChooseSourceView.swift in Sources */ = {isa = PBXBuildFile; fileRef = AB43A30927A1E4BF0046740D /* ChooseSourceView.swift */; };
		AB43A30C27A1EC220046740D /* EnterServerURLView.swift in Sources */ = {isa = PBXBuildFile; fileRef = AB43A30B27A1EC220046740D /* EnterServerURLView.swift */; };
		AB8AC01727A6FAB200EDFD62 /* ErrorView.swift in Sources */ = {isa = PBXBuildFile; fileRef = AB8AC01627A6FAB200EDFD62 /* ErrorView.swift */; };
		ABA6D2B427A1A62000F62E42 /* PiggySavingApp.swift in Sources */ = {isa = PBXBuildFile; fileRef = ABA6D2B327A1A62000F62E42 /* PiggySavingApp.swift */; };
		ABA6D2B827A1A62100F62E42 /* Assets.xcassets in Resources */ = {isa = PBXBuildFile; fileRef = ABA6D2B727A1A62100F62E42 /* Assets.xcassets */; };
		ABA6D2BB27A1A62100F62E42 /* Preview Assets.xcassets in Resources */ = {isa = PBXBuildFile; fileRef = ABA6D2BA27A1A62100F62E42 /* Preview Assets.xcassets */; };
		ABA6D2D327A1BC8700F62E42 /* ConfigStore.swift in Sources */ = {isa = PBXBuildFile; fileRef = ABA6D2D227A1BC8700F62E42 /* ConfigStore.swift */; };
		ABC6EA0027A988B400E6D487 /* TrailingIconLabelStyle.swift in Sources */ = {isa = PBXBuildFile; fileRef = ABC6E9FF27A988B400E6D487 /* TrailingIconLabelStyle.swift */; };
		ABC6EA0227A9BD4400E6D487 /* Helper.swift in Sources */ = {isa = PBXBuildFile; fileRef = ABC6EA0127A9BD4400E6D487 /* Helper.swift */; };
		ABCCCBFB27A8186D00ECAE6F /* SavingListItemView.swift in Sources */ = {isa = PBXBuildFile; fileRef = ABCCCBFA27A8186D00ECAE6F /* SavingListItemView.swift */; };
		ABD0DF1E27AA915700B9AAC9 /* PiggySavingConfig.xcdatamodeld in Sources */ = {isa = PBXBuildFile; fileRef = ABD0DF1C27AA915700B9AAC9 /* PiggySavingConfig.xcdatamodeld */; };
		ABD0DF2127AAE7C000B9AAC9 /* PiggySavingData.xcdatamodeld in Sources */ = {isa = PBXBuildFile; fileRef = ABD0DF1F27AAE7C000B9AAC9 /* PiggySavingData.xcdatamodeld */; };
/* End PBXBuildFile section */

/* Begin PBXFileReference section */
		AB01CC2127A3F89300C4E448 /* SettingsView.swift */ = {isa = PBXFileReference; lastKnownFileType = sourcecode.swift; path = SettingsView.swift; sourceTree = "<group>"; };
		AB01CC2327A3FA9200C4E448 /* OverviewView.swift */ = {isa = PBXFileReference; lastKnownFileType = sourcecode.swift; path = OverviewView.swift; sourceTree = "<group>"; };
		AB01CC2527A3FAC300C4E448 /* SavingsListView.swift */ = {isa = PBXFileReference; lastKnownFileType = sourcecode.swift; path = SavingsListView.swift; sourceTree = "<group>"; };
		AB01CC2727A3FB0D00C4E448 /* SavingsView.swift */ = {isa = PBXFileReference; lastKnownFileType = sourcecode.swift; path = SavingsView.swift; sourceTree = "<group>"; };
		AB1530DC27A33149006FD2FF /* CardView.swift */ = {isa = PBXFileReference; lastKnownFileType = sourcecode.swift; path = CardView.swift; sourceTree = "<group>"; };
		AB1530DE27A33425006FD2FF /* ErrorWrapper.swift */ = {isa = PBXFileReference; lastKnownFileType = sourcecode.swift; path = ErrorWrapper.swift; sourceTree = "<group>"; };
		AB1530E027A334DB006FD2FF /* LocalUsageView.swift */ = {isa = PBXFileReference; lastKnownFileType = sourcecode.swift; path = LocalUsageView.swift; sourceTree = "<group>"; };
		AB1530E327A33A54006FD2FF /* MainView.swift */ = {isa = PBXFileReference; lastKnownFileType = sourcecode.swift; path = MainView.swift; sourceTree = "<group>"; };
		AB1530E527A3DE42006FD2FF /* ServerApi.swift */ = {isa = PBXFileReference; lastKnownFileType = sourcecode.swift; path = ServerApi.swift; sourceTree = "<group>"; };
		AB1530E727A3E5F1006FD2FF /* Data.swift */ = {isa = PBXFileReference; lastKnownFileType = sourcecode.swift; path = Data.swift; sourceTree = "<group>"; };
		AB43A30927A1E4BF0046740D /* ChooseSourceView.swift */ = {isa = PBXFileReference; lastKnownFileType = sourcecode.swift; path = ChooseSourceView.swift; sourceTree = "<group>"; };
		AB43A30B27A1EC220046740D /* EnterServerURLView.swift */ = {isa = PBXFileReference; lastKnownFileType = sourcecode.swift; path = EnterServerURLView.swift; sourceTree = "<group>"; };
		AB8AC01627A6FAB200EDFD62 /* ErrorView.swift */ = {isa = PBXFileReference; lastKnownFileType = sourcecode.swift; path = ErrorView.swift; sourceTree = "<group>"; };
		ABA6D2B027A1A62000F62E42 /* Piggy Saving.app */ = {isa = PBXFileReference; explicitFileType = wrapper.application; includeInIndex = 0; path = "Piggy Saving.app"; sourceTree = BUILT_PRODUCTS_DIR; };
		ABA6D2B327A1A62000F62E42 /* PiggySavingApp.swift */ = {isa = PBXFileReference; lastKnownFileType = sourcecode.swift; path = PiggySavingApp.swift; sourceTree = "<group>"; };
		ABA6D2B727A1A62100F62E42 /* Assets.xcassets */ = {isa = PBXFileReference; lastKnownFileType = folder.assetcatalog; path = Assets.xcassets; sourceTree = "<group>"; };
		ABA6D2BA27A1A62100F62E42 /* Preview Assets.xcassets */ = {isa = PBXFileReference; lastKnownFileType = folder.assetcatalog; path = "Preview Assets.xcassets"; sourceTree = "<group>"; };
		ABA6D2D227A1BC8700F62E42 /* ConfigStore.swift */ = {isa = PBXFileReference; lastKnownFileType = sourcecode.swift; path = ConfigStore.swift; sourceTree = "<group>"; };
		ABC6E9FF27A988B400E6D487 /* TrailingIconLabelStyle.swift */ = {isa = PBXFileReference; lastKnownFileType = sourcecode.swift; path = TrailingIconLabelStyle.swift; sourceTree = "<group>"; };
		ABC6EA0127A9BD4400E6D487 /* Helper.swift */ = {isa = PBXFileReference; lastKnownFileType = sourcecode.swift; path = Helper.swift; sourceTree = "<group>"; };
		ABCCCBFA27A8186D00ECAE6F /* SavingListItemView.swift */ = {isa = PBXFileReference; lastKnownFileType = sourcecode.swift; path = SavingListItemView.swift; sourceTree = "<group>"; };
		ABD0DF1D27AA915700B9AAC9 /* PiggySavingData.xcdatamodel */ = {isa = PBXFileReference; lastKnownFileType = wrapper.xcdatamodel; path = PiggySavingData.xcdatamodel; sourceTree = "<group>"; };
		ABD0DF2027AAE7C000B9AAC9 /* PiggySavingData.xcdatamodel */ = {isa = PBXFileReference; lastKnownFileType = wrapper.xcdatamodel; path = PiggySavingData.xcdatamodel; sourceTree = "<group>"; };
/* End PBXFileReference section */

/* Begin PBXFrameworksBuildPhase section */
		ABA6D2AD27A1A62000F62E42 /* Frameworks */ = {
			isa = PBXFrameworksBuildPhase;
			buildActionMask = 2147483647;
			files = (
			);
			runOnlyForDeploymentPostprocessing = 0;
		};
/* End PBXFrameworksBuildPhase section */

/* Begin PBXGroup section */
		AB1530E227A33A33006FD2FF /* MainView */ = {
			isa = PBXGroup;
			children = (
				AB1530E327A33A54006FD2FF /* MainView.swift */,
				AB01CC2327A3FA9200C4E448 /* OverviewView.swift */,
				AB01CC2727A3FB0D00C4E448 /* SavingsView.swift */,
				AB01CC2527A3FAC300C4E448 /* SavingsListView.swift */,
				AB01CC2127A3F89300C4E448 /* SettingsView.swift */,
			);
			path = MainView;
			sourceTree = "<group>";
		};
		AB43A30D27A1F1680046740D /* UtilityView */ = {
			isa = PBXGroup;
			children = (
				AB1530DC27A33149006FD2FF /* CardView.swift */,
				AB8AC01627A6FAB200EDFD62 /* ErrorView.swift */,
				ABCCCBFA27A8186D00ECAE6F /* SavingListItemView.swift */,
			);
			path = UtilityView;
			sourceTree = "<group>";
		};
		ABA6D2A727A1A62000F62E42 = {
			isa = PBXGroup;
			children = (
				ABA6D2B227A1A62000F62E42 /* PiggySaving */,
				ABA6D2B127A1A62000F62E42 /* Products */,
			);
			sourceTree = "<group>";
		};
		ABA6D2B127A1A62000F62E42 /* Products */ = {
			isa = PBXGroup;
			children = (
				ABA6D2B027A1A62000F62E42 /* Piggy Saving.app */,
			);
			name = Products;
			sourceTree = "<group>";
		};
		ABA6D2B227A1A62000F62E42 /* PiggySaving */ = {
			isa = PBXGroup;
			children = (
				ABA6D2B327A1A62000F62E42 /* PiggySavingApp.swift */,
				ABA6D2D127A1BC7900F62E42 /* Model */,
				ABA6D2D427A1D7B900F62E42 /* InitializationView */,
				AB1530E227A33A33006FD2FF /* MainView */,
				AB43A30D27A1F1680046740D /* UtilityView */,
				ABC6E9FE27A9591100E6D487 /* Shape */,
				ABA6D2B727A1A62100F62E42 /* Assets.xcassets */,
				ABA6D2B927A1A62100F62E42 /* Preview Content */,
			);
			path = PiggySaving;
			sourceTree = "<group>";
		};
		ABA6D2B927A1A62100F62E42 /* Preview Content */ = {
			isa = PBXGroup;
			children = (
				ABA6D2BA27A1A62100F62E42 /* Preview Assets.xcassets */,
			);
			path = "Preview Content";
			sourceTree = "<group>";
		};
		ABA6D2D127A1BC7900F62E42 /* Model */ = {
			isa = PBXGroup;
			children = (
				ABD0DF1C27AA915700B9AAC9 /* PiggySavingConfig.xcdatamodeld */,
				ABD0DF1F27AAE7C000B9AAC9 /* PiggySavingData.xcdatamodeld */,
				ABA6D2D227A1BC8700F62E42 /* ConfigStore.swift */,
				AB1530E727A3E5F1006FD2FF /* Data.swift */,
				AB1530E527A3DE42006FD2FF /* ServerApi.swift */,
				AB1530DE27A33425006FD2FF /* ErrorWrapper.swift */,
				ABC6E9FF27A988B400E6D487 /* TrailingIconLabelStyle.swift */,
				ABC6EA0127A9BD4400E6D487 /* Helper.swift */,
			);
			path = Model;
			sourceTree = "<group>";
		};
		ABA6D2D427A1D7B900F62E42 /* InitializationView */ = {
			isa = PBXGroup;
			children = (
				AB43A30927A1E4BF0046740D /* ChooseSourceView.swift */,
				AB43A30B27A1EC220046740D /* EnterServerURLView.swift */,
				AB1530E027A334DB006FD2FF /* LocalUsageView.swift */,
			);
			path = InitializationView;
			sourceTree = "<group>";
		};
		ABC6E9FE27A9591100E6D487 /* Shape */ = {
			isa = PBXGroup;
			children = (
			);
			path = Shape;
			sourceTree = "<group>";
		};
/* End PBXGroup section */

/* Begin PBXNativeTarget section */
		ABA6D2AF27A1A62000F62E42 /* PiggySaving */ = {
			isa = PBXNativeTarget;
			buildConfigurationList = ABA6D2BE27A1A62100F62E42 /* Build configuration list for PBXNativeTarget "PiggySaving" */;
			buildPhases = (
				ABA6D2AC27A1A62000F62E42 /* Sources */,
				ABA6D2AD27A1A62000F62E42 /* Frameworks */,
				ABA6D2AE27A1A62000F62E42 /* Resources */,
			);
			buildRules = (
			);
			dependencies = (
			);
			name = PiggySaving;
			productName = PiggySaving;
			productReference = ABA6D2B027A1A62000F62E42 /* Piggy Saving.app */;
			productType = "com.apple.product-type.application";
		};
/* End PBXNativeTarget section */

/* Begin PBXProject section */
		ABA6D2A827A1A62000F62E42 /* Project object */ = {
			isa = PBXProject;
			attributes = {
				BuildIndependentTargetsInParallel = 1;
				LastSwiftUpdateCheck = 1320;
				LastUpgradeCheck = 1320;
				TargetAttributes = {
					ABA6D2AF27A1A62000F62E42 = {
						CreatedOnToolsVersion = 13.2.1;
					};
				};
			};
			buildConfigurationList = ABA6D2AB27A1A62000F62E42 /* Build configuration list for PBXProject "PiggySaving" */;
			compatibilityVersion = "Xcode 13.0";
			developmentRegion = en;
			hasScannedForEncodings = 0;
			knownRegions = (
				en,
				Base,
				"zh-Hans",
			);
			mainGroup = ABA6D2A727A1A62000F62E42;
			productRefGroup = ABA6D2B127A1A62000F62E42 /* Products */;
			projectDirPath = "";
			projectRoot = "";
			targets = (
				ABA6D2AF27A1A62000F62E42 /* PiggySaving */,
			);
		};
/* End PBXProject section */

/* Begin PBXResourcesBuildPhase section */
		ABA6D2AE27A1A62000F62E42 /* Resources */ = {
			isa = PBXResourcesBuildPhase;
			buildActionMask = 2147483647;
			files = (
				ABA6D2BB27A1A62100F62E42 /* Preview Assets.xcassets in Resources */,
				ABA6D2B827A1A62100F62E42 /* Assets.xcassets in Resources */,
			);
			runOnlyForDeploymentPostprocessing = 0;
		};
/* End PBXResourcesBuildPhase section */

/* Begin PBXSourcesBuildPhase section */
		ABA6D2AC27A1A62000F62E42 /* Sources */ = {
			isa = PBXSourcesBuildPhase;
			buildActionMask = 2147483647;
			files = (
				AB1530DF27A33425006FD2FF /* ErrorWrapper.swift in Sources */,
				AB1530E827A3E5F1006FD2FF /* Data.swift in Sources */,
				AB1530E427A33A54006FD2FF /* MainView.swift in Sources */,
				ABCCCBFB27A8186D00ECAE6F /* SavingListItemView.swift in Sources */,
				AB1530E127A334DB006FD2FF /* LocalUsageView.swift in Sources */,
				ABC6EA0227A9BD4400E6D487 /* Helper.swift in Sources */,
				ABD0DF2127AAE7C000B9AAC9 /* PiggySavingData.xcdatamodeld in Sources */,
				ABA6D2D327A1BC8700F62E42 /* ConfigStore.swift in Sources */,
				ABA6D2B427A1A62000F62E42 /* PiggySavingApp.swift in Sources */,
				AB43A30C27A1EC220046740D /* EnterServerURLView.swift in Sources */,
				ABC6EA0027A988B400E6D487 /* TrailingIconLabelStyle.swift in Sources */,
				AB01CC2427A3FA9200C4E448 /* OverviewView.swift in Sources */,
				AB01CC2827A3FB0D00C4E448 /* SavingsView.swift in Sources */,
				AB43A30A27A1E4BF0046740D /* ChooseSourceView.swift in Sources */,
				AB8AC01727A6FAB200EDFD62 /* ErrorView.swift in Sources */,
				AB1530E627A3DE42006FD2FF /* ServerApi.swift in Sources */,
				AB01CC2627A3FAC300C4E448 /* SavingsListView.swift in Sources */,
				AB1530DD27A33149006FD2FF /* CardView.swift in Sources */,
				ABD0DF1E27AA915700B9AAC9 /* PiggySavingConfig.xcdatamodeld in Sources */,
				AB01CC2227A3F89300C4E448 /* SettingsView.swift in Sources */,
			);
			runOnlyForDeploymentPostprocessing = 0;
		};
/* End PBXSourcesBuildPhase section */

/* Begin XCBuildConfiguration section */
		ABA6D2BC27A1A62100F62E42 /* Debug */ = {
			isa = XCBuildConfiguration;
			buildSettings = {
				ALWAYS_SEARCH_USER_PATHS = NO;
				CLANG_ANALYZER_LOCALIZABILITY_NONLOCALIZED = YES;
				CLANG_ANALYZER_NONNULL = YES;
				CLANG_ANALYZER_NUMBER_OBJECT_CONVERSION = YES_AGGRESSIVE;
				CLANG_CXX_LANGUAGE_STANDARD = "gnu++17";
				CLANG_CXX_LIBRARY = "libc++";
				CLANG_ENABLE_MODULES = YES;
				CLANG_ENABLE_OBJC_ARC = YES;
				CLANG_ENABLE_OBJC_WEAK = YES;
				CLANG_WARN_BLOCK_CAPTURE_AUTORELEASING = YES;
				CLANG_WARN_BOOL_CONVERSION = YES;
				CLANG_WARN_COMMA = YES;
				CLANG_WARN_CONSTANT_CONVERSION = YES;
				CLANG_WARN_DEPRECATED_OBJC_IMPLEMENTATIONS = YES;
				CLANG_WARN_DIRECT_OBJC_ISA_USAGE = YES_ERROR;
				CLANG_WARN_DOCUMENTATION_COMMENTS = YES;
				CLANG_WARN_EMPTY_BODY = YES;
				CLANG_WARN_ENUM_CONVERSION = YES;
				CLANG_WARN_INFINITE_RECURSION = YES;
				CLANG_WARN_INT_CONVERSION = YES;
				CLANG_WARN_NON_LITERAL_NULL_CONVERSION = YES;
				CLANG_WARN_OBJC_IMPLICIT_RETAIN_SELF = YES;
				CLANG_WARN_OBJC_LITERAL_CONVERSION = YES;
				CLANG_WARN_OBJC_ROOT_CLASS = YES_ERROR;
				CLANG_WARN_QUOTED_INCLUDE_IN_FRAMEWORK_HEADER = YES;
				CLANG_WARN_RANGE_LOOP_ANALYSIS = YES;
				CLANG_WARN_STRICT_PROTOTYPES = YES;
				CLANG_WARN_SUSPICIOUS_MOVE = YES;
				CLANG_WARN_UNGUARDED_AVAILABILITY = YES_AGGRESSIVE;
				CLANG_WARN_UNREACHABLE_CODE = YES;
				CLANG_WARN__DUPLICATE_METHOD_MATCH = YES;
				COPY_PHASE_STRIP = NO;
				DEBUG_INFORMATION_FORMAT = dwarf;
				ENABLE_STRICT_OBJC_MSGSEND = YES;
				ENABLE_TESTABILITY = YES;
				GCC_C_LANGUAGE_STANDARD = gnu11;
				GCC_DYNAMIC_NO_PIC = NO;
				GCC_NO_COMMON_BLOCKS = YES;
				GCC_OPTIMIZATION_LEVEL = 0;
				GCC_PREPROCESSOR_DEFINITIONS = (
					"DEBUG=1",
					"$(inherited)",
				);
				GCC_WARN_64_TO_32_BIT_CONVERSION = YES;
				GCC_WARN_ABOUT_RETURN_TYPE = YES_ERROR;
				GCC_WARN_UNDECLARED_SELECTOR = YES;
				GCC_WARN_UNINITIALIZED_AUTOS = YES_AGGRESSIVE;
				GCC_WARN_UNUSED_FUNCTION = YES;
				GCC_WARN_UNUSED_VARIABLE = YES;
				IPHONEOS_DEPLOYMENT_TARGET = 15.0;
				MTL_ENABLE_DEBUG_INFO = INCLUDE_SOURCE;
				MTL_FAST_MATH = YES;
				ONLY_ACTIVE_ARCH = YES;
				SDKROOT = iphoneos;
				SWIFT_ACTIVE_COMPILATION_CONDITIONS = DEBUG;
				SWIFT_OPTIMIZATION_LEVEL = "-Onone";
			};
			name = Debug;
		};
		ABA6D2BD27A1A62100F62E42 /* Release */ = {
			isa = XCBuildConfiguration;
			buildSettings = {
				ALWAYS_SEARCH_USER_PATHS = NO;
				CLANG_ANALYZER_LOCALIZABILITY_NONLOCALIZED = YES;
				CLANG_ANALYZER_NONNULL = YES;
				CLANG_ANALYZER_NUMBER_OBJECT_CONVERSION = YES_AGGRESSIVE;
				CLANG_CXX_LANGUAGE_STANDARD = "gnu++17";
				CLANG_CXX_LIBRARY = "libc++";
				CLANG_ENABLE_MODULES = YES;
				CLANG_ENABLE_OBJC_ARC = YES;
				CLANG_ENABLE_OBJC_WEAK = YES;
				CLANG_WARN_BLOCK_CAPTURE_AUTORELEASING = YES;
				CLANG_WARN_BOOL_CONVERSION = YES;
				CLANG_WARN_COMMA = YES;
				CLANG_WARN_CONSTANT_CONVERSION = YES;
				CLANG_WARN_DEPRECATED_OBJC_IMPLEMENTATIONS = YES;
				CLANG_WARN_DIRECT_OBJC_ISA_USAGE = YES_ERROR;
				CLANG_WARN_DOCUMENTATION_COMMENTS = YES;
				CLANG_WARN_EMPTY_BODY = YES;
				CLANG_WARN_ENUM_CONVERSION = YES;
				CLANG_WARN_INFINITE_RECURSION = YES;
				CLANG_WARN_INT_CONVERSION = YES;
				CLANG_WARN_NON_LITERAL_NULL_CONVERSION = YES;
				CLANG_WARN_OBJC_IMPLICIT_RETAIN_SELF = YES;
				CLANG_WARN_OBJC_LITERAL_CONVERSION = YES;
				CLANG_WARN_OBJC_ROOT_CLASS = YES_ERROR;
				CLANG_WARN_QUOTED_INCLUDE_IN_FRAMEWORK_HEADER = YES;
				CLANG_WARN_RANGE_LOOP_ANALYSIS = YES;
				CLANG_WARN_STRICT_PROTOTYPES = YES;
				CLANG_WARN_SUSPICIOUS_MOVE = YES;
				CLANG_WARN_UNGUARDED_AVAILABILITY = YES_AGGRESSIVE;
				CLANG_WARN_UNREACHABLE_CODE = YES;
				CLANG_WARN__DUPLICATE_METHOD_MATCH = YES;
				COPY_PHASE_STRIP = NO;
				DEBUG_INFORMATION_FORMAT = "dwarf-with-dsym";
				ENABLE_NS_ASSERTIONS = NO;
				ENABLE_STRICT_OBJC_MSGSEND = YES;
				GCC_C_LANGUAGE_STANDARD = gnu11;
				GCC_NO_COMMON_BLOCKS = YES;
				GCC_WARN_64_TO_32_BIT_CONVERSION = YES;
				GCC_WARN_ABOUT_RETURN_TYPE = YES_ERROR;
				GCC_WARN_UNDECLARED_SELECTOR = YES;
				GCC_WARN_UNINITIALIZED_AUTOS = YES_AGGRESSIVE;
				GCC_WARN_UNUSED_FUNCTION = YES;
				GCC_WARN_UNUSED_VARIABLE = YES;
				IPHONEOS_DEPLOYMENT_TARGET = 15.0;
				MTL_ENABLE_DEBUG_INFO = NO;
				MTL_FAST_MATH = YES;
				SDKROOT = iphoneos;
				SWIFT_COMPILATION_MODE = wholemodule;
				SWIFT_OPTIMIZATION_LEVEL = "-O";
				VALIDATE_PRODUCT = YES;
			};
			name = Release;
		};
		ABA6D2BF27A1A62100F62E42 /* Debug */ = {
			isa = XCBuildConfiguration;
			buildSettings = {
				ASSETCATALOG_COMPILER_APPICON_NAME = AppIcon;
				ASSETCATALOG_COMPILER_GLOBAL_ACCENT_COLOR_NAME = AccentColor;
				CODE_SIGN_STYLE = Automatic;
				CURRENT_PROJECT_VERSION = 1;
				DEVELOPMENT_ASSET_PATHS = "\"PiggySaving/Preview Content\"";
				DEVELOPMENT_TEAM = W7NMM5932M;
				ENABLE_PREVIEWS = YES;
				GENERATE_INFOPLIST_FILE = YES;
				INFOPLIST_KEY_UIApplicationSceneManifest_Generation = YES;
				INFOPLIST_KEY_UIApplicationSupportsIndirectInputEvents = YES;
				INFOPLIST_KEY_UILaunchScreen_Generation = YES;
				INFOPLIST_KEY_UISupportedInterfaceOrientations_iPad = "UIInterfaceOrientationPortrait UIInterfaceOrientationPortraitUpsideDown UIInterfaceOrientationLandscapeLeft UIInterfaceOrientationLandscapeRight";
				INFOPLIST_KEY_UISupportedInterfaceOrientations_iPhone = "UIInterfaceOrientationPortrait UIInterfaceOrientationLandscapeLeft UIInterfaceOrientationLandscapeRight";
				LD_RUNPATH_SEARCH_PATHS = (
					"$(inherited)",
					"@executable_path/Frameworks",
				);
				MARKETING_VERSION = 1.0;
				PRODUCT_BUNDLE_IDENTIFIER = com.tianyu.PiggySaving;
				PRODUCT_NAME = "Piggy Saving";
				SWIFT_EMIT_LOC_STRINGS = YES;
				SWIFT_VERSION = 5.0;
				TARGETED_DEVICE_FAMILY = "1,2";
			};
			name = Debug;
		};
		ABA6D2C027A1A62100F62E42 /* Release */ = {
			isa = XCBuildConfiguration;
			buildSettings = {
				ASSETCATALOG_COMPILER_APPICON_NAME = AppIcon;
				ASSETCATALOG_COMPILER_GLOBAL_ACCENT_COLOR_NAME = AccentColor;
				CODE_SIGN_STYLE = Automatic;
				CURRENT_PROJECT_VERSION = 1;
				DEVELOPMENT_ASSET_PATHS = "\"PiggySaving/Preview Content\"";
				DEVELOPMENT_TEAM = W7NMM5932M;
				ENABLE_PREVIEWS = YES;
				GENERATE_INFOPLIST_FILE = YES;
				INFOPLIST_KEY_UIApplicationSceneManifest_Generation = YES;
				INFOPLIST_KEY_UIApplicationSupportsIndirectInputEvents = YES;
				INFOPLIST_KEY_UILaunchScreen_Generation = YES;
				INFOPLIST_KEY_UISupportedInterfaceOrientations_iPad = "UIInterfaceOrientationPortrait UIInterfaceOrientationPortraitUpsideDown UIInterfaceOrientationLandscapeLeft UIInterfaceOrientationLandscapeRight";
				INFOPLIST_KEY_UISupportedInterfaceOrientations_iPhone = "UIInterfaceOrientationPortrait UIInterfaceOrientationLandscapeLeft UIInterfaceOrientationLandscapeRight";
				LD_RUNPATH_SEARCH_PATHS = (
					"$(inherited)",
					"@executable_path/Frameworks",
				);
				MARKETING_VERSION = 1.0;
				PRODUCT_BUNDLE_IDENTIFIER = com.tianyu.PiggySaving;
				PRODUCT_NAME = "Piggy Saving";
				SWIFT_EMIT_LOC_STRINGS = YES;
				SWIFT_VERSION = 5.0;
				TARGETED_DEVICE_FAMILY = "1,2";
			};
			name = Release;
		};
/* End XCBuildConfiguration section */

/* Begin XCConfigurationList section */
		ABA6D2AB27A1A62000F62E42 /* Build configuration list for PBXProject "PiggySaving" */ = {
			isa = XCConfigurationList;
			buildConfigurations = (
				ABA6D2BC27A1A62100F62E42 /* Debug */,
				ABA6D2BD27A1A62100F62E42 /* Release */,
			);
			defaultConfigurationIsVisible = 0;
			defaultConfigurationName = Release;
		};
		ABA6D2BE27A1A62100F62E42 /* Build configuration list for PBXNativeTarget "PiggySaving" */ = {
			isa = XCConfigurationList;
			buildConfigurations = (
				ABA6D2BF27A1A62100F62E42 /* Debug */,
				ABA6D2C027A1A62100F62E42 /* Release */,
			);
			defaultConfigurationIsVisible = 0;
			defaultConfigurationName = Release;
		};
/* End XCConfigurationList section */

/* Begin XCVersionGroup section */
		ABD0DF1C27AA915700B9AAC9 /* PiggySavingConfig.xcdatamodeld */ = {
			isa = XCVersionGroup;
			children = (
				ABD0DF1D27AA915700B9AAC9 /* PiggySavingData.xcdatamodel */,
			);
			currentVersion = ABD0DF1D27AA915700B9AAC9 /* PiggySavingData.xcdatamodel */;
			path = PiggySavingConfig.xcdatamodeld;
			sourceTree = "<group>";
			versionGroupType = wrapper.xcdatamodel;
		};
		ABD0DF1F27AAE7C000B9AAC9 /* PiggySavingData.xcdatamodeld */ = {
			isa = XCVersionGroup;
			children = (
				ABD0DF2027AAE7C000B9AAC9 /* PiggySavingData.xcdatamodel */,
			);
			currentVersion = ABD0DF2027AAE7C000B9AAC9 /* PiggySavingData.xcdatamodel */;
			path = PiggySavingData.xcdatamodeld;
			sourceTree = "<group>";
			versionGroupType = wrapper.xcdatamodel;
		};
/* End XCVersionGroup section */
	};
	rootObject = ABA6D2A827A1A62000F62E42 /* Project object */;
}
